PODS:
  - Capacitor (6.1.2):
    - CapacitorCordova
  - CapacitorApp (6.0.1):
    - Capacitor
  - CapacitorCordova (6.1.2)
  - CapacitorLocalNotifications (6.1.0):
    - Capacitor
  - CapacitorPreferences (6.0.2):
    - Capacitor
  - CapacitorWidgetsbridgePlugin (0.1.2):
    - Capacitor
  - PerfoodCapacitorHealthkit (1.3.1):
    - Capacitor

DEPENDENCIES:
  - "Capacitor (from `../../node_modules/@capacitor/ios`)"
  - "CapacitorApp (from `../../node_modules/@capacitor/app`)"
  - "CapacitorCordova (from `../../node_modules/@capacitor/ios`)"
  - "CapacitorLocalNotifications (from `../../node_modules/@capacitor/local-notifications`)"
  - "CapacitorPreferences (from `../../node_modules/@capacitor/preferences`)"
  - CapacitorWidgetsbridgePlugin (from `../../node_modules/capacitor-widgetsbridge-plugin`)
  - "PerfoodCapacitorHealthkit (from `../../node_modules/@perfood/capacitor-healthkit`)"

EXTERNAL SOURCES:
  Capacitor:
    :path: "../../node_modules/@capacitor/ios"
  CapacitorApp:
    :path: "../../node_modules/@capacitor/app"
  CapacitorCordova:
    :path: "../../node_modules/@capacitor/ios"
  CapacitorLocalNotifications:
    :path: "../../node_modules/@capacitor/local-notifications"
  CapacitorPreferences:
    :path: "../../node_modules/@capacitor/preferences"
  CapacitorWidgetsbridgePlugin:
    :path: "../../node_modules/capacitor-widgetsbridge-plugin"
  PerfoodCapacitorHealthkit:
    :path: "../../node_modules/@perfood/capacitor-healthkit"

SPEC CHECKSUMS:
  Capacitor: 679f9673fdf30597493a6362a5d5bf233d46abc2
  CapacitorApp: 0bc633b4eae40a1f32cd2834788fad3bc42da6a1
  CapacitorCordova: f48c89f96c319101cd2f0ce8a2b7449b5fb8b3dd
  CapacitorLocalNotifications: 6bac9e948b2b8852506c6d74abb2cde140250f86
  CapacitorPreferences: e8284bf740cf8c6d3f25409af3c01df87dfeb5a1
  CapacitorWidgetsbridgePlugin: 384cf6a56ba2a3ee6d199579f5403723e766b958
  PerfoodCapacitorHealthkit: cb4aa401dab186607c117f4406fb44060c8a135e

PODFILE CHECKSUM: 0a0b61bec1d46fec2ea7766a8eddd7b9b2f00c50

COCOAPODS: 1.15.2
